
Microsoft Visual Studio Solution File, Format Version 12.00
# Visual Studio Version 17
VisualStudioVersion = 17.7.34202.233
MinimumVisualStudioVersion = 10.0.40219.1
Project("{FAE04EC0-301F-11D3-BF4B-00C04F79EFBC}") = "SmartTeacherApp", "SmartTeacherApp\SmartTeacherApp.csproj", "{B6D2D989-84E3-4414-9291-70CF80D96965}"
EndProject
Global
	GlobalSection(SolutionConfigurationPlatforms) = preSolution
		Debug|Any CPU = Debug|Any CPU
		Release|Any CPU = Release|Any CPU
	EndGlobalSection
	GlobalSection(ProjectConfigurationPlatforms) = postSolution
		{B6D2D989-84E3-4414-9291-70CF80D96965}.Debug|Any CPU.ActiveCfg = Debug|Any CPU
		{B6D2D989-84E3-4414-9291-70CF80D96965}.Debug|Any CPU.Build.0 = Debug|Any CPU
		{B6D2D989-84E3-4414-9291-70CF80D96965}.Release|Any CPU.ActiveCfg = Release|Any CPU
		{B6D2D989-84E3-4414-9291-70CF80D96965}.Release|Any CPU.Build.0 = Release|Any CPU
	EndGlobalSection
	GlobalSection(SolutionProperties) = preSolution
		HideSolutionNode = FALSE
	EndGlobalSection
	GlobalSection(ExtensibilityGlobals) = postSolution
		SolutionGuid = {774A2C5A-9A8A-43A9-AB4C-D88CA257A6B2}
	EndGlobalSection
EndGlobal
