
Microsoft Visual Studio Solution File, Format Version 12.00
# Visual Studio Version 17
VisualStudioVersion = 17.7.34202.233
MinimumVisualStudioVersion = 10.0.40219.1
Project("{9A19103F-16F7-4668-BE54-9A1E7A4F7556}") = "SmartTeacherApp", "SmartTeacherApp\SmartTeacherApp.csproj", "{B6D2D989-84E3-4414-9291-70CF80D96965}"
EndProject
Project("{9A19103F-16F7-4668-BE54-9A1E7A4F7556}") = "SmartTeacher.Data", "SmartTeacher.Data\SmartTeacher.Data.csproj", "{B7EE3310-D8A8-452E-9351-FBAC85708CD5}"
EndProject
Project("{9A19103F-16F7-4668-BE54-9A1E7A4F7556}") = "SmartTeacher.Data.Models", "SmartTeacher.Data.Models\SmartTeacher.Data.Models.csproj", "{8CE72C69-2339-44D8-B149-7950EC678293}"
EndProject
Project("{9A19103F-16F7-4668-BE54-9A1E7A4F7556}") = "SmartTeacher.Common", "SmartTeacher.Common\SmartTeacher.Common.csproj", "{5A112FE1-E739-46D2-B359-703A4DA091C3}"
EndProject
Project("{9A19103F-16F7-4668-BE54-9A1E7A4F7556}") = "SmartTeacher.Services.Data", "SmartTeacher.Services.Data\SmartTeacher.Services.Data.csproj", "{2A6E1FC3-DF58-46F8-B263-29772DEB94D7}"
EndProject
Project("{9A19103F-16F7-4668-BE54-9A1E7A4F7556}") = "SmartTeacher.Web.Infrastructure.ModelBinders", "SmartTeacher.Infrastructure.ModelBinders\SmartTeacher.Web.Infrastructure.ModelBinders.csproj", "{21593154-CB2B-4C96-8E92-FE093DFFBAC9}"
EndProject
Project("{9A19103F-16F7-4668-BE54-9A1E7A4F7556}") = "SmartTeacher.Web.Infrastructure.Extensions", "SmartTeacher.Infrastructure.Extensions\SmartTeacher.Web.Infrastructure.Extensions.csproj", "{2A4F6B9D-1005-4E6B-BBEF-BB14DE16AA73}"
EndProject
Project("{9A19103F-16F7-4668-BE54-9A1E7A4F7556}") = "SmartTeacher.Web.ViewModels", "SmartTeacher.Web.ViewModels\SmartTeacher.Web.ViewModels.csproj", "{A7907E65-AC5E-433B-BDC0-44BAEE481E8F}"
EndProject
Project("{2150E333-8FDC-42A3-9474-1A3956D46DE8}") = "Data", "Data", "{24414102-E273-441E-9045-A163F7F881C0}"
EndProject
Project("{2150E333-8FDC-42A3-9474-1A3956D46DE8}") = "Infrastructure", "Infrastructure", "{BF658BBE-9D15-4F74-B9DD-CA719A39DBD6}"
EndProject
Project("{2150E333-8FDC-42A3-9474-1A3956D46DE8}") = "Extensions", "Extensions", "{962343A4-520E-4E53-8D77-6035A4F6D7E8}"
EndProject
Project("{2150E333-8FDC-42A3-9474-1A3956D46DE8}") = "ModelBinders", "ModelBinders", "{8710D008-3B08-4AE5-912E-7C5955EEABAD}"
EndProject
Project("{2150E333-8FDC-42A3-9474-1A3956D46DE8}") = "Services", "Services", "{67080FE5-8E7D-4DA6-B6FD-7A30D2F02433}"
EndProject
Project("{2150E333-8FDC-42A3-9474-1A3956D46DE8}") = "Web", "Web", "{4938D173-00F7-4085-9C70-5C22E67DC771}"
EndProject
Project("{2150E333-8FDC-42A3-9474-1A3956D46DE8}") = "Common", "Common", "{5D5AA8BB-8C91-416D-83AD-6ED2521432EB}"
EndProject
Global
	GlobalSection(SolutionConfigurationPlatforms) = preSolution
		Debug|Any CPU = Debug|Any CPU
		Release|Any CPU = Release|Any CPU
	EndGlobalSection
	GlobalSection(ProjectConfigurationPlatforms) = postSolution
		{B6D2D989-84E3-4414-9291-70CF80D96965}.Debug|Any CPU.ActiveCfg = Debug|Any CPU
		{B6D2D989-84E3-4414-9291-70CF80D96965}.Debug|Any CPU.Build.0 = Debug|Any CPU
		{B6D2D989-84E3-4414-9291-70CF80D96965}.Release|Any CPU.ActiveCfg = Release|Any CPU
		{B6D2D989-84E3-4414-9291-70CF80D96965}.Release|Any CPU.Build.0 = Release|Any CPU
		{B7EE3310-D8A8-452E-9351-FBAC85708CD5}.Debug|Any CPU.ActiveCfg = Debug|Any CPU
		{B7EE3310-D8A8-452E-9351-FBAC85708CD5}.Debug|Any CPU.Build.0 = Debug|Any CPU
		{B7EE3310-D8A8-452E-9351-FBAC85708CD5}.Release|Any CPU.ActiveCfg = Release|Any CPU
		{B7EE3310-D8A8-452E-9351-FBAC85708CD5}.Release|Any CPU.Build.0 = Release|Any CPU
		{8CE72C69-2339-44D8-B149-7950EC678293}.Debug|Any CPU.ActiveCfg = Debug|Any CPU
		{8CE72C69-2339-44D8-B149-7950EC678293}.Debug|Any CPU.Build.0 = Debug|Any CPU
		{8CE72C69-2339-44D8-B149-7950EC678293}.Release|Any CPU.ActiveCfg = Release|Any CPU
		{8CE72C69-2339-44D8-B149-7950EC678293}.Release|Any CPU.Build.0 = Release|Any CPU
		{5A112FE1-E739-46D2-B359-703A4DA091C3}.Debug|Any CPU.ActiveCfg = Debug|Any CPU
		{5A112FE1-E739-46D2-B359-703A4DA091C3}.Debug|Any CPU.Build.0 = Debug|Any CPU
		{5A112FE1-E739-46D2-B359-703A4DA091C3}.Release|Any CPU.ActiveCfg = Release|Any CPU
		{5A112FE1-E739-46D2-B359-703A4DA091C3}.Release|Any CPU.Build.0 = Release|Any CPU
		{2A6E1FC3-DF58-46F8-B263-29772DEB94D7}.Debug|Any CPU.ActiveCfg = Debug|Any CPU
		{2A6E1FC3-DF58-46F8-B263-29772DEB94D7}.Debug|Any CPU.Build.0 = Debug|Any CPU
		{2A6E1FC3-DF58-46F8-B263-29772DEB94D7}.Release|Any CPU.ActiveCfg = Release|Any CPU
		{2A6E1FC3-DF58-46F8-B263-29772DEB94D7}.Release|Any CPU.Build.0 = Release|Any CPU
		{21593154-CB2B-4C96-8E92-FE093DFFBAC9}.Debug|Any CPU.ActiveCfg = Debug|Any CPU
		{21593154-CB2B-4C96-8E92-FE093DFFBAC9}.Debug|Any CPU.Build.0 = Debug|Any CPU
		{21593154-CB2B-4C96-8E92-FE093DFFBAC9}.Release|Any CPU.ActiveCfg = Release|Any CPU
		{21593154-CB2B-4C96-8E92-FE093DFFBAC9}.Release|Any CPU.Build.0 = Release|Any CPU
		{2A4F6B9D-1005-4E6B-BBEF-BB14DE16AA73}.Debug|Any CPU.ActiveCfg = Debug|Any CPU
		{2A4F6B9D-1005-4E6B-BBEF-BB14DE16AA73}.Debug|Any CPU.Build.0 = Debug|Any CPU
		{2A4F6B9D-1005-4E6B-BBEF-BB14DE16AA73}.Release|Any CPU.ActiveCfg = Release|Any CPU
		{2A4F6B9D-1005-4E6B-BBEF-BB14DE16AA73}.Release|Any CPU.Build.0 = Release|Any CPU
		{A7907E65-AC5E-433B-BDC0-44BAEE481E8F}.Debug|Any CPU.ActiveCfg = Debug|Any CPU
		{A7907E65-AC5E-433B-BDC0-44BAEE481E8F}.Debug|Any CPU.Build.0 = Debug|Any CPU
		{A7907E65-AC5E-433B-BDC0-44BAEE481E8F}.Release|Any CPU.ActiveCfg = Release|Any CPU
		{A7907E65-AC5E-433B-BDC0-44BAEE481E8F}.Release|Any CPU.Build.0 = Release|Any CPU
	EndGlobalSection
	GlobalSection(SolutionProperties) = preSolution
		HideSolutionNode = FALSE
	EndGlobalSection
	GlobalSection(NestedProjects) = preSolution
		{B6D2D989-84E3-4414-9291-70CF80D96965} = {4938D173-00F7-4085-9C70-5C22E67DC771}
		{B7EE3310-D8A8-452E-9351-FBAC85708CD5} = {24414102-E273-441E-9045-A163F7F881C0}
		{8CE72C69-2339-44D8-B149-7950EC678293} = {24414102-E273-441E-9045-A163F7F881C0}
		{5A112FE1-E739-46D2-B359-703A4DA091C3} = {5D5AA8BB-8C91-416D-83AD-6ED2521432EB}
		{2A6E1FC3-DF58-46F8-B263-29772DEB94D7} = {67080FE5-8E7D-4DA6-B6FD-7A30D2F02433}
		{21593154-CB2B-4C96-8E92-FE093DFFBAC9} = {8710D008-3B08-4AE5-912E-7C5955EEABAD}
		{2A4F6B9D-1005-4E6B-BBEF-BB14DE16AA73} = {962343A4-520E-4E53-8D77-6035A4F6D7E8}
		{A7907E65-AC5E-433B-BDC0-44BAEE481E8F} = {4938D173-00F7-4085-9C70-5C22E67DC771}
		{962343A4-520E-4E53-8D77-6035A4F6D7E8} = {BF658BBE-9D15-4F74-B9DD-CA719A39DBD6}
		{8710D008-3B08-4AE5-912E-7C5955EEABAD} = {BF658BBE-9D15-4F74-B9DD-CA719A39DBD6}
	EndGlobalSection
	GlobalSection(ExtensibilityGlobals) = postSolution
		SolutionGuid = {774A2C5A-9A8A-43A9-AB4C-D88CA257A6B2}
	EndGlobalSection
EndGlobal
